[[package]]
category = "main"
description = "A backport of the dataclasses module for Python 3.6"
marker = "python_version < \"3.7\""
name = "dataclasses"
optional = false
python-versions = "*"
version = "0.6"

[[package]]
category = "main"
description = "serialize all of python"
name = "dill"
optional = false
python-versions = ">=2.6, !=3.0.*"
version = "0.3.1.1"

[package.extras]
graph = ["objgraph (>=1.7.2)"]

[[package]]
category = "main"
description = "FastAPI framework, high performance, easy to learn, fast to code, ready for production"
name = "fastapi"
optional = false
python-versions = ">=3.6"
version = "0.54.1"

[package.dependencies]
pydantic = ">=0.32.2,<2.0.0"
starlette = "0.13.2"

[package.extras]
all = ["requests", "aiofiles", "jinja2", "python-multipart", "itsdangerous", "pyyaml", "graphene", "ujson", "orjson", "email-validator", "uvicorn", "async-exit-stack", "async-generator"]
dev = ["pyjwt", "passlib", "autoflake", "flake8", "uvicorn", "graphene"]
doc = ["mkdocs", "mkdocs-material", "markdown-include", "typer", "typer-cli", "pyyaml"]
test = ["pytest (>=4.0.0)", "pytest-cov", "mypy", "black", "isort", "requests", "email-validator", "sqlalchemy", "peewee", "databases", "orjson", "async-exit-stack", "async-generator", "python-multipart", "aiofiles", "flask"]

[[package]]
category = "main"
description = "better multiprocessing and multithreading in python"
name = "multiprocess"
optional = false
python-versions = "*"
version = "0.70.9"

[package.dependencies]
dill = ">=0.3.1"

[[package]]
category = "main"
description = "parallel graph management and execution in heterogeneous computing"
name = "pathos"
optional = false
python-versions = "*"
version = "0.2.5"

[package.dependencies]
dill = ">=0.3.1"
multiprocess = ">=0.70.9"
pox = ">=0.2.7"
ppft = ">=1.6.6.1"

[[package]]
category = "main"
description = "Threading and multiprocessing eye-candy."
name = "pebble"
optional = false
python-versions = "*"
version = "4.5.3"

[[package]]
category = "main"
description = "utilities for filesystem exploration and automated builds"
name = "pox"
optional = false
python-versions = "*"
version = "0.2.7"

[[package]]
category = "main"
description = "distributed and parallel python"
name = "ppft"
optional = false
python-versions = "*"
version = "1.6.6.1"

[package.extras]
dill = ["dill (>=0.3.0)"]

[[package]]
category = "main"
description = "Data validation and settings management using python 3.6 type hinting"
name = "pydantic"
optional = false
python-versions = ">=3.6"
version = "1.5.1"

[package.dependencies]
[package.dependencies.dataclasses]
python = "<3.7"
version = ">=0.6"

[package.extras]
dotenv = ["python-dotenv (>=0.10.4)"]
email = ["email-validator (>=1.0.3)"]
typing_extensions = ["typing-extensions (>=3.7.2)"]

[[package]]
category = "main"
description = "The little ASGI library that shines."
name = "starlette"
optional = false
python-versions = ">=3.6"
version = "0.13.2"

[package.extras]
full = ["aiofiles", "graphene", "itsdangerous", "jinja2", "python-multipart", "pyyaml", "requests", "ujson"]

[[package]]
category = "main"
description = "YouTube video downloader"
name = "youtube-dl"
optional = false
python-versions = "*"
version = "2020.5.8"

[metadata]
content-hash = "c9acda8d7b3f4ff6117b2b4e4c9c60cef45651db19e9eccfb86cc6bd879a7e13"
python-versions = "^3.6"

[metadata.files]
dataclasses = [
    {file = "dataclasses-0.6-py3-none-any.whl", hash = "sha256:454a69d788c7fda44efd71e259be79577822f5e3f53f029a22d08004e951dc9f"},
    {file = "dataclasses-0.6.tar.gz", hash = "sha256:6988bd2b895eef432d562370bb707d540f32f7360ab13da45340101bc2307d84"},
]
dill = [
    {file = "dill-0.3.1.1.tar.gz", hash = "sha256:42d8ef819367516592a825746a18073ced42ca169ab1f5f4044134703e7a049c"},
]
fastapi = [
    {file = "fastapi-0.54.1-py3-none-any.whl", hash = "sha256:1ee9a49f28d510b62b3b51a9452b274853bfc9c5d4b947ed054366e2d49f9efa"},
    {file = "fastapi-0.54.1.tar.gz", hash = "sha256:72f40f47e5235cb5cbbad1d4f97932ede6059290c07e12e9784028dcd1063d28"},
]
multiprocess = [
    {file = "multiprocess-0.70.9-cp27-cp27m-win32.whl", hash = "sha256:0e4e65c2e74aa14fa0c9a1f838b5e9a5f8fe5b3a173925792260843c4a6157ec"},
    {file = "multiprocess-0.70.9-cp27-cp27m-win_amd64.whl", hash = "sha256:1eb7dfe2d809d53be92e8a288ed1c01614fe5407bbc9d078ed451a749fb1bd34"},
    {file = "multiprocess-0.70.9.tar.gz", hash = "sha256:9fd5bd990132da77e73dec6e9613408602a4612e1d73caf2e2b813d2b61508e5"},
]
pathos = [
    {file = "pathos-0.2.5.tar.gz", hash = "sha256:21ae2cb1d5a76dcf57d5fe93ae8719c7339f467e246163650c08ccf35b87c846"},
]
pebble = [
    {file = "Pebble-4.5.3-py2.py3-none-any.whl", hash = "sha256:fbe82c94ddcd08144bc4afc5512767e03a9ebdbbdfba31568f44179e4dd20d1e"},
    {file = "Pebble-4.5.3.tar.gz", hash = "sha256:e2cfc81bf1e627ff6314f4e1ca0c3414779d408594f807d702d088c19ff5070b"},
]
pox = [
    {file = "pox-0.2.7.tar.gz", hash = "sha256:06afe1a4a1dbf8b47f7ad5a3c1d8ada9104c64933a1da11338269a2bd8642778"},
]
ppft = [
    {file = "ppft-1.6.6.1.tar.gz", hash = "sha256:9e2173042edd5cc9c7bee0d7731873f17fcdce0e42e4b7ab68857d0de7b631fc"},
]
pydantic = [
    {file = "pydantic-1.5.1-cp36-cp36m-macosx_10_9_x86_64.whl", hash = "sha256:2a6904e9f18dea58f76f16b95cba6a2f20b72d787abd84ecd67ebc526e61dce6"},
    {file = "pydantic-1.5.1-cp36-cp36m-manylinux1_i686.whl", hash = "sha256:da8099fca5ee339d5572cfa8af12cf0856ae993406f0b1eb9bb38c8a660e7416"},
    {file = "pydantic-1.5.1-cp36-cp36m-manylinux2014_i686.whl", hash = "sha256:68dece67bff2b3a5cc188258e46b49f676a722304f1c6148ae08e9291e284d98"},
    {file = "pydantic-1.5.1-cp36-cp36m-manylinux2014_x86_64.whl", hash = "sha256:ab863853cb502480b118187d670f753be65ec144e1654924bec33d63bc8b3ce2"},
    {file = "pydantic-1.5.1-cp36-cp36m-win_amd64.whl", hash = "sha256:2007eb062ed0e57875ce8ead12760a6e44bf5836e6a1a7ea81d71eeecf3ede0f"},
    {file = "pydantic-1.5.1-cp37-cp37m-macosx_10_9_x86_64.whl", hash = "sha256:20a15a303ce1e4d831b4e79c17a4a29cb6740b12524f5bba3ea363bff65732bc"},
    {file = "pydantic-1.5.1-cp37-cp37m-manylinux1_i686.whl", hash = "sha256:473101121b1bd454c8effc9fe66d54812fdc128184d9015c5aaa0d4e58a6d338"},
    {file = "pydantic-1.5.1-cp37-cp37m-manylinux2014_i686.whl", hash = "sha256:9be755919258d5d168aeffbe913ed6e8bd562e018df7724b68cabdee3371e331"},
    {file = "pydantic-1.5.1-cp37-cp37m-manylinux2014_x86_64.whl", hash = "sha256:b96ce81c4b5ca62ab81181212edfd057beaa41411cd9700fbcb48a6ba6564b4e"},
    {file = "pydantic-1.5.1-cp37-cp37m-win_amd64.whl", hash = "sha256:93b9f265329d9827f39f0fca68f5d72cc8321881cdc519a1304fa73b9f8a75bd"},
    {file = "pydantic-1.5.1-cp38-cp38-macosx_10_9_x86_64.whl", hash = "sha256:e2c753d355126ddd1eefeb167fa61c7037ecd30b98e7ebecdc0d1da463b4ea09"},
    {file = "pydantic-1.5.1-cp38-cp38-manylinux1_i686.whl", hash = "sha256:8433dbb87246c0f562af75d00fa80155b74e4f6924b0db6a2078a3cd2f11c6c4"},
    {file = "pydantic-1.5.1-cp38-cp38-manylinux2014_i686.whl", hash = "sha256:0a1cdf24e567d42dc762d3fed399bd211a13db2e8462af9dfa93b34c41648efb"},
    {file = "pydantic-1.5.1-cp38-cp38-manylinux2014_x86_64.whl", hash = "sha256:8be325fc9da897029ee48d1b5e40df817d97fe969f3ac3fd2434ba7e198c55d5"},
    {file = "pydantic-1.5.1-cp38-cp38-win_amd64.whl", hash = "sha256:3714a4056f5bdbecf3a41e0706ec9b228c9513eee2ad884dc2c568c4dfa540e9"},
    {file = "pydantic-1.5.1-py36.py37.py38-none-any.whl", hash = "sha256:70f27d2f0268f490fe3de0a9b6fca7b7492b8fd6623f9fecd25b221ebee385e3"},
    {file = "pydantic-1.5.1.tar.gz", hash = "sha256:f0018613c7a0d19df3240c2a913849786f21b6539b9f23d85ce4067489dfacfa"},
]
starlette = [
    {file = "starlette-0.13.2-py3-none-any.whl", hash = "sha256:6169ee78ded501095d1dda7b141a1dc9f9934d37ad23196e180150ace2c6449b"},
    {file = "starlette-0.13.2.tar.gz", hash = "sha256:a9bb130fa7aa736eda8a814b6ceb85ccf7a209ed53843d0d61e246b380afa10f"},
]
youtube-dl = [
    {file = "youtube_dl-2020.5.8-py2.py3-none-any.whl", hash = "sha256:0b5d3280522469968eb62eecb1f966f422b2be22f000a801bf87cb2172d8ea39"},
    {file = "youtube_dl-2020.5.8.tar.gz", hash = "sha256:22da6788b55b7b267c6d59bcdfaf10e67a9ac980976d50d29a670473ad2a05bb"},
]
